// !$*UTF8*$!
{
	archiveVersion = 1;
	classes = {
	};
	objectVersion = 77;
	objects = {

/* Begin PBXBuildFile section */
		A163CD542EA66CAD00E399E0 /* Auth in Frameworks */ = {isa = PBXBuildFile; productRef = A163CD532EA66CAD00E399E0 /* Auth */; };
		A163CD562EA66CAD00E399E0 /* Functions in Frameworks */ = {isa = PBXBuildFile; productRef = A163CD552EA66CAD00E399E0 /* Functions */; };
		A163CD582EA66CAD00E399E0 /* PostgREST in Frameworks */ = {isa = PBXBuildFile; productRef = A163CD572EA66CAD00E399E0 /* PostgREST */; };
		A163CD5A2EA66CAD00E399E0 /* Realtime in Frameworks */ = {isa = PBXBuildFile; productRef = A163CD592EA66CAD00E399E0 /* Realtime */; };
		A163CD5C2EA66CAD00E399E0 /* Storage in Frameworks */ = {isa = PBXBuildFile; productRef = A163CD5B2EA66CAD00E399E0 /* Storage */; };
		A163CD5F2EA66CC200E399E0 /* AppAuth in Frameworks */ = {isa = PBXBuildFile; productRef = A163CD5E2EA66CC200E399E0 /* AppAuth */; };
		A163CD612EA66CC200E399E0 /* AppAuthCore in Frameworks */ = {isa = PBXBuildFile; productRef = A163CD602EA66CC200E399E0 /* AppAuthCore */; };
		A163CD632EA66CC200E399E0 /* AppAuthTV in Frameworks */ = {isa = PBXBuildFile; productRef = A163CD622EA66CC200E399E0 /* AppAuthTV */; };
		A163CD662EA6729E00E399E0 /* Supabase in Frameworks */ = {isa = PBXBuildFile; productRef = A163CD652EA6729E00E399E0 /* Supabase */; };
/* End PBXBuildFile section */

/* Begin PBXFileReference section */
		A163CD222EA669E500E399E0 /* HYKA.app */ = {isa = PBXFileReference; explicitFileType = wrapper.application; includeInIndex = 0; path = HYKA.app; sourceTree = BUILT_PRODUCTS_DIR; };
/* End PBXFileReference section */

/* Begin PBXFileSystemSynchronizedBuildFileExceptionSet section */
		A171CFE02EB91469006E62FE /* Exceptions for "HYKA" folder in "HYKA" target */ = {
			isa = PBXFileSystemSynchronizedBuildFileExceptionSet;
			membershipExceptions = (
				Info.plist,
			);
			target = A163CD212EA669E500E399E0 /* HYKA */;
		};
/* End PBXFileSystemSynchronizedBuildFileExceptionSet section */

/* Begin PBXFileSystemSynchronizedRootGroup section */
		A163CD242EA669E500E399E0 /* HYKA */ = {
			isa = PBXFileSystemSynchronizedRootGroup;
			exceptions = (
				A171CFE02EB91469006E62FE /* Exceptions for "HYKA" folder in "HYKA" target */,
			);
			path = HYKA;
			sourceTree = "<group>";
		};
/* End PBXFileSystemSynchronizedRootGroup section */

/* Begin PBXFrameworksBuildPhase section */
		A163CD1F2EA669E500E399E0 /* Frameworks */ = {
			isa = PBXFrameworksBuildPhase;
			buildActionMask = 2147483647;
			files = (
				A163CD5F2EA66CC200E399E0 /* AppAuth in Frameworks */,
				A163CD582EA66CAD00E399E0 /* PostgREST in Frameworks */,
				A163CD562EA66CAD00E399E0 /* Functions in Frameworks */,
				A163CD612EA66CC200E399E0 /* AppAuthCore in Frameworks */,
				A163CD542EA66CAD00E399E0 /* Auth in Frameworks */,
				A163CD662EA6729E00E399E0 /* Supabase in Frameworks */,
				A163CD5C2EA66CAD00E399E0 /* Storage in Frameworks */,
				A163CD632EA66CC200E399E0 /* AppAuthTV in Frameworks */,
				A163CD5A2EA66CAD00E399E0 /* Realtime in Frameworks */,
			);
			runOnlyForDeploymentPostprocessing = 0;
		};
/* End PBXFrameworksBuildPhase section */

/* Begin PBXGroup section */
		A163CD192EA669E500E399E0 = {
			isa = PBXGroup;
			children = (
				A163CD242EA669E500E399E0 /* HYKA */,
				A163CD642EA6729E00E399E0 /* Frameworks */,
				A163CD232EA669E500E399E0 /* Products */,
			);
			sourceTree = "<group>";
		};
		A163CD232EA669E500E399E0 /* Products */ = {
			isa = PBXGroup;
			children = (
				A163CD222EA669E500E399E0 /* HYKA.app */,
			);
			name = Products;
			sourceTree = "<group>";
		};
		A163CD642EA6729E00E399E0 /* Frameworks */ = {
			isa = PBXGroup;
			children = (
			);
			name = Frameworks;
			sourceTree = "<group>";
		};
/* End PBXGroup section */

/* Begin PBXNativeTarget section */
		A163CD212EA669E500E399E0 /* HYKA */ = {
			isa = PBXNativeTarget;
			buildConfigurationList = A163CD2D2EA669E600E399E0 /* Build configuration list for PBXNativeTarget "HYKA" */;
			buildPhases = (
				A163CD1E2EA669E500E399E0 /* Sources */,
				A163CD1F2EA669E500E399E0 /* Frameworks */,
				A163CD202EA669E500E399E0 /* Resources */,
			);
			buildRules = (
			);
			dependencies = (
			);
			fileSystemSynchronizedGroups = (
				A163CD242EA669E500E399E0 /* HYKA */,
			);
			name = HYKA;
			packageProductDependencies = (
				A163CD532EA66CAD00E399E0 /* Auth */,
				A163CD552EA66CAD00E399E0 /* Functions */,
				A163CD572EA66CAD00E399E0 /* PostgREST */,
				A163CD592EA66CAD00E399E0 /* Realtime */,
				A163CD5B2EA66CAD00E399E0 /* Storage */,
				A163CD5E2EA66CC200E399E0 /* AppAuth */,
				A163CD602EA66CC200E399E0 /* AppAuthCore */,
				A163CD622EA66CC200E399E0 /* AppAuthTV */,
				A163CD652EA6729E00E399E0 /* Supabase */,
			);
			productName = HYKA;
			productReference = A163CD222EA669E500E399E0 /* HYKA.app */;
			productType = "com.apple.product-type.application";
		};
/* End PBXNativeTarget section */

/* Begin PBXProject section */
		A163CD1A2EA669E500E399E0 /* Project object */ = {
			isa = PBXProject;
			attributes = {
				BuildIndependentTargetsInParallel = 1;
				LastSwiftUpdateCheck = 2600;
				LastUpgradeCheck = 2600;
				TargetAttributes = {
					A163CD212EA669E500E399E0 = {
						CreatedOnToolsVersion = 26.0.1;
					};
				};
			};
			buildConfigurationList = A163CD1D2EA669E500E399E0 /* Build configuration list for PBXProject "HYKA" */;
			developmentRegion = en;
			hasScannedForEncodings = 0;
			knownRegions = (
				en,
				Base,
			);
			mainGroup = A163CD192EA669E500E399E0;
			minimizedProjectReferenceProxies = 1;
			packageReferences = (
				A163CD522EA66CAD00E399E0 /* XCRemoteSwiftPackageReference "supabase-swift" */,
				A163CD5D2EA66CC200E399E0 /* XCRemoteSwiftPackageReference "AppAuth-iOS" */,
			);
			preferredProjectObjectVersion = 77;
			productRefGroup = A163CD232EA669E500E399E0 /* Products */;
			projectDirPath = "";
			projectRoot = "";
			targets = (
				A163CD212EA669E500E399E0 /* HYKA */,
			);
		};
/* End PBXProject section */

/* Begin PBXResourcesBuildPhase section */
		A163CD202EA669E500E399E0 /* Resources */ = {
			isa = PBXResourcesBuildPhase;
			buildActionMask = 2147483647;
			files = (
			);
			runOnlyForDeploymentPostprocessing = 0;
		};
/* End PBXResourcesBuildPhase section */

/* Begin PBXSourcesBuildPhase section */
		A163CD1E2EA669E500E399E0 /* Sources */ = {
			isa = PBXSourcesBuildPhase;
			buildActionMask = 2147483647;
			files = (
			);
			runOnlyForDeploymentPostprocessing = 0;
		};
/* End PBXSourcesBuildPhase section */

/* Begin XCBuildConfiguration section */
		A163CD2B2EA669E600E399E0 /* Debug */ = {
			isa = XCBuildConfiguration;
			buildSettings = {
				ALWAYS_SEARCH_USER_PATHS = NO;
				ASSETCATALOG_COMPILER_GENERATE_SWIFT_ASSET_SYMBOL_EXTENSIONS = YES;
				CLANG_ANALYZER_NONNULL = YES;
				CLANG_ANALYZER_NUMBER_OBJECT_CONVERSION = YES_AGGRESSIVE;
				CLANG_CXX_LANGUAGE_STANDARD = "gnu++20";
				CLANG_ENABLE_MODULES = YES;
				CLANG_ENABLE_OBJC_ARC = YES;
				CLANG_ENABLE_OBJC_WEAK = YES;
				CLANG_WARN_BLOCK_CAPTURE_AUTORELEASING = YES;
				CLANG_WARN_BOOL_CONVERSION = YES;
				CLANG_WARN_COMMA = YES;
				CLANG_WARN_CONSTANT_CONVERSION = YES;
				CLANG_WARN_DEPRECATED_OBJC_IMPLEMENTATIONS = YES;
				CLANG_WARN_DIRECT_OBJC_ISA_USAGE = YES_ERROR;
				CLANG_WARN_DOCUMENTATION_COMMENTS = YES;
				CLANG_WARN_EMPTY_BODY = YES;
				CLANG_WARN_ENUM_CONVERSION = YES;
				CLANG_WARN_INFINITE_RECURSION = YES;
				CLANG_WARN_INT_CONVERSION = YES;
				CLANG_WARN_NON_LITERAL_NULL_CONVERSION = YES;
				CLANG_WARN_OBJC_IMPLICIT_RETAIN_SELF = YES;
				CLANG_WARN_OBJC_LITERAL_CONVERSION = YES;
				CLANG_WARN_OBJC_ROOT_CLASS = YES_ERROR;
				CLANG_WARN_QUOTED_INCLUDE_IN_FRAMEWORK_HEADER = YES;
				CLANG_WARN_RANGE_LOOP_ANALYSIS = YES;
				CLANG_WARN_STRICT_PROTOTYPES = YES;
				CLANG_WARN_SUSPICIOUS_MOVE = YES;
				CLANG_WARN_UNGUARDED_AVAILABILITY = YES_AGGRESSIVE;
				CLANG_WARN_UNREACHABLE_CODE = YES;
				CLANG_WARN__DUPLICATE_METHOD_MATCH = YES;
				COPY_PHASE_STRIP = NO;
				DEBUG_INFORMATION_FORMAT = dwarf;
				DEVELOPMENT_TEAM = 4984K4P29N;
				ENABLE_STRICT_OBJC_MSGSEND = YES;
				ENABLE_TESTABILITY = YES;
				ENABLE_USER_SCRIPT_SANDBOXING = YES;
				GCC_C_LANGUAGE_STANDARD = gnu17;
				GCC_DYNAMIC_NO_PIC = NO;
				GCC_NO_COMMON_BLOCKS = YES;
				GCC_OPTIMIZATION_LEVEL = 0;
				GCC_PREPROCESSOR_DEFINITIONS = (
					"DEBUG=1",
					"$(inherited)",
				);
				GCC_WARN_64_TO_32_BIT_CONVERSION = YES;
				GCC_WARN_ABOUT_RETURN_TYPE = YES_ERROR;
				GCC_WARN_UNDECLARED_SELECTOR = YES;
				GCC_WARN_UNINITIALIZED_AUTOS = YES_AGGRESSIVE;
				GCC_WARN_UNUSED_FUNCTION = YES;
				GCC_WARN_UNUSED_VARIABLE = YES;
				LOCALIZATION_PREFERS_STRING_CATALOGS = YES;
				MTL_ENABLE_DEBUG_INFO = INCLUDE_SOURCE;
				MTL_FAST_MATH = YES;
				ONLY_ACTIVE_ARCH = YES;
				SWIFT_ACTIVE_COMPILATION_CONDITIONS = "DEBUG $(inherited)";
				SWIFT_OPTIMIZATION_LEVEL = "-Onone";
			};
			name = Debug;
		};
		A163CD2C2EA669E600E399E0 /* Release */ = {
			isa = XCBuildConfiguration;
			buildSettings = {
				ALWAYS_SEARCH_USER_PATHS = NO;
				ASSETCATALOG_COMPILER_GENERATE_SWIFT_ASSET_SYMBOL_EXTENSIONS = YES;
				CLANG_ANALYZER_NONNULL = YES;
				CLANG_ANALYZER_NUMBER_OBJECT_CONVERSION = YES_AGGRESSIVE;
				CLANG_CXX_LANGUAGE_STANDARD = "gnu++20";
				CLANG_ENABLE_MODULES = YES;
				CLANG_ENABLE_OBJC_ARC = YES;
				CLANG_ENABLE_OBJC_WEAK = YES;
				CLANG_WARN_BLOCK_CAPTURE_AUTORELEASING = YES;
				CLANG_WARN_BOOL_CONVERSION = YES;
				CLANG_WARN_COMMA = YES;
				CLANG_WARN_CONSTANT_CONVERSION = YES;
				CLANG_WARN_DEPRECATED_OBJC_IMPLEMENTATIONS = YES;
				CLANG_WARN_DIRECT_OBJC_ISA_USAGE = YES_ERROR;
				CLANG_WARN_DOCUMENTATION_COMMENTS = YES;
				CLANG_WARN_EMPTY_BODY = YES;
				CLANG_WARN_ENUM_CONVERSION = YES;
				CLANG_WARN_INFINITE_RECURSION = YES;
				CLANG_WARN_INT_CONVERSION = YES;
				CLANG_WARN_NON_LITERAL_NULL_CONVERSION = YES;
				CLANG_WARN_OBJC_IMPLICIT_RETAIN_SELF = YES;
				CLANG_WARN_OBJC_LITERAL_CONVERSION = YES;
				CLANG_WARN_OBJC_ROOT_CLASS = YES_ERROR;
				CLANG_WARN_QUOTED_INCLUDE_IN_FRAMEWORK_HEADER = YES;
				CLANG_WARN_RANGE_LOOP_ANALYSIS = YES;
				CLANG_WARN_STRICT_PROTOTYPES = YES;
				CLANG_WARN_SUSPICIOUS_MOVE = YES;
				CLANG_WARN_UNGUARDED_AVAILABILITY = YES_AGGRESSIVE;
				CLANG_WARN_UNREACHABLE_CODE = YES;
				CLANG_WARN__DUPLICATE_METHOD_MATCH = YES;
				COPY_PHASE_STRIP = NO;
				DEBUG_INFORMATION_FORMAT = "dwarf-with-dsym";
				DEVELOPMENT_TEAM = 4984K4P29N;
				ENABLE_NS_ASSERTIONS = NO;
				ENABLE_STRICT_OBJC_MSGSEND = YES;
				ENABLE_USER_SCRIPT_SANDBOXING = YES;
				GCC_C_LANGUAGE_STANDARD = gnu17;
				GCC_NO_COMMON_BLOCKS = YES;
				GCC_WARN_64_TO_32_BIT_CONVERSION = YES;
				GCC_WARN_ABOUT_RETURN_TYPE = YES_ERROR;
				GCC_WARN_UNDECLARED_SELECTOR = YES;
				GCC_WARN_UNINITIALIZED_AUTOS = YES_AGGRESSIVE;
				GCC_WARN_UNUSED_FUNCTION = YES;
				GCC_WARN_UNUSED_VARIABLE = YES;
				LOCALIZATION_PREFERS_STRING_CATALOGS = YES;
				MTL_ENABLE_DEBUG_INFO = NO;
				MTL_FAST_MATH = YES;
				SWIFT_COMPILATION_MODE = wholemodule;
			};
			name = Release;
		};
		A163CD2E2EA669E600E399E0 /* Debug */ = {
			isa = XCBuildConfiguration;
			buildSettings = {
				ASSETCATALOG_COMPILER_APPICON_NAME = AppIcon;
				ASSETCATALOG_COMPILER_GLOBAL_ACCENT_COLOR_NAME = AccentColor;
				CODE_SIGN_ENTITLEMENTS = HYKA/HYKA.entitlements;
				CODE_SIGN_STYLE = Automatic;
				CURRENT_PROJECT_VERSION = 1;
				DEVELOPMENT_TEAM = 4984K4P29N;
				ENABLE_APP_SANDBOX = YES;
				ENABLE_HARDENED_RUNTIME = YES;
				ENABLE_PREVIEWS = YES;
				ENABLE_USER_SELECTED_FILES = readonly;
				GENERATE_INFOPLIST_FILE = NO;
				INFOPLIST_FILE = HYKA/Info.plist;
				"INFOPLIST_KEY_UIApplicationSceneManifest_Generation[sdk=iphoneos*]" = YES;
				"INFOPLIST_KEY_UIApplicationSceneManifest_Generation[sdk=iphonesimulator*]" = YES;
				"INFOPLIST_KEY_UIApplicationSupportsIndirectInputEvents[sdk=iphoneos*]" = YES;
				"INFOPLIST_KEY_UIApplicationSupportsIndirectInputEvents[sdk=iphonesimulator*]" = YES;
				"INFOPLIST_KEY_UILaunchScreen_Generation[sdk=iphoneos*]" = YES;
				"INFOPLIST_KEY_UILaunchScreen_Generation[sdk=iphonesimulator*]" = YES;
				"INFOPLIST_KEY_UIStatusBarStyle[sdk=iphoneos*]" = UIStatusBarStyleDefault;
				"INFOPLIST_KEY_UIStatusBarStyle[sdk=iphonesimulator*]" = UIStatusBarStyleDefault;
				INFOPLIST_KEY_UISupportedInterfaceOrientations_iPad = "UIInterfaceOrientationPortrait UIInterfaceOrientationPortraitUpsideDown UIInterfaceOrientationLandscapeLeft UIInterfaceOrientationLandscapeRight";
				INFOPLIST_KEY_UISupportedInterfaceOrientations_iPhone = "UIInterfaceOrientationPortrait UIInterfaceOrientationLandscapeLeft UIInterfaceOrientationLandscapeRight";
				IPHONEOS_DEPLOYMENT_TARGET = 26.0;
				LD_RUNPATH_SEARCH_PATHS = "@executable_path/Frameworks";
				"LD_RUNPATH_SEARCH_PATHS[sdk=macosx*]" = "@executable_path/../Frameworks";
				MACOSX_DEPLOYMENT_TARGET = 15.6;
				MARKETING_VERSION = 1.0;
				PRODUCT_BUNDLE_IDENTIFIER = com.hyka.HYKA;
				PRODUCT_NAME = "$(TARGET_NAME)";
				REGISTER_APP_GROUPS = YES;
				SDKROOT = auto;
				STRING_CATALOG_GENERATE_SYMBOLS = YES;
				SUPPORTED_PLATFORMS = "iphoneos iphonesimulator macosx xros xrsimulator";
				SWIFT_APPROACHABLE_CONCURRENCY = YES;
				SWIFT_DEFAULT_ACTOR_ISOLATION = MainActor;
				SWIFT_EMIT_LOC_STRINGS = YES;
				SWIFT_UPCOMING_FEATURE_MEMBER_IMPORT_VISIBILITY = YES;
				SWIFT_VERSION = 5.0;
				TARGETED_DEVICE_FAMILY = "1,2,7";
				XROS_DEPLOYMENT_TARGET = 26.0;
			};
			name = Debug;
		};
		A163CD2F2EA669E600E399E0 /* Release */ = {
			isa = XCBuildConfiguration;
			buildSettings = {
				ASSETCATALOG_COMPILER_APPICON_NAME = AppIcon;
				ASSETCATALOG_COMPILER_GLOBAL_ACCENT_COLOR_NAME = AccentColor;
				CODE_SIGN_ENTITLEMENTS = HYKA/HYKA.entitlements;
				CODE_SIGN_STYLE = Automatic;
				CURRENT_PROJECT_VERSION = 1;
				DEVELOPMENT_TEAM = 4984K4P29N;
				ENABLE_APP_SANDBOX = YES;
				ENABLE_HARDENED_RUNTIME = YES;
				ENABLE_PREVIEWS = YES;
				ENABLE_USER_SELECTED_FILES = readonly;
				GENERATE_INFOPLIST_FILE = NO;
				INFOPLIST_FILE = HYKA/Info.plist;
				"INFOPLIST_KEY_UIApplicationSceneManifest_Generation[sdk=iphoneos*]" = YES;
				"INFOPLIST_KEY_UIApplicationSceneManifest_Generation[sdk=iphonesimulator*]" = YES;
				"INFOPLIST_KEY_UIApplicationSupportsIndirectInputEvents[sdk=iphoneos*]" = YES;
				"INFOPLIST_KEY_UIApplicationSupportsIndirectInputEvents[sdk=iphonesimulator*]" = YES;
				"INFOPLIST_KEY_UILaunchScreen_Generation[sdk=iphoneos*]" = YES;
				"INFOPLIST_KEY_UILaunchScreen_Generation[sdk=iphonesimulator*]" = YES;
				"INFOPLIST_KEY_UIStatusBarStyle[sdk=iphoneos*]" = UIStatusBarStyleDefault;
				"INFOPLIST_KEY_UIStatusBarStyle[sdk=iphonesimulator*]" = UIStatusBarStyleDefault;
				INFOPLIST_KEY_UISupportedInterfaceOrientations_iPad = "UIInterfaceOrientationPortrait UIInterfaceOrientationPortraitUpsideDown UIInterfaceOrientationLandscapeLeft UIInterfaceOrientationLandscapeRight";
				INFOPLIST_KEY_UISupportedInterfaceOrientations_iPhone = "UIInterfaceOrientationPortrait UIInterfaceOrientationLandscapeLeft UIInterfaceOrientationLandscapeRight";
				IPHONEOS_DEPLOYMENT_TARGET = 26.0;
				LD_RUNPATH_SEARCH_PATHS = "@executable_path/Frameworks";
				"LD_RUNPATH_SEARCH_PATHS[sdk=macosx*]" = "@executable_path/../Frameworks";
				MACOSX_DEPLOYMENT_TARGET = 15.6;
				MARKETING_VERSION = 1.0;
				PRODUCT_BUNDLE_IDENTIFIER = com.hyka.HYKA;
				PRODUCT_NAME = "$(TARGET_NAME)";
				REGISTER_APP_GROUPS = YES;
				SDKROOT = auto;
				STRING_CATALOG_GENERATE_SYMBOLS = YES;
				SUPPORTED_PLATFORMS = "iphoneos iphonesimulator macosx xros xrsimulator";
				SWIFT_APPROACHABLE_CONCURRENCY = YES;
				SWIFT_DEFAULT_ACTOR_ISOLATION = MainActor;
				SWIFT_EMIT_LOC_STRINGS = YES;
				SWIFT_UPCOMING_FEATURE_MEMBER_IMPORT_VISIBILITY = YES;
				SWIFT_VERSION = 5.0;
				TARGETED_DEVICE_FAMILY = "1,2,7";
				XROS_DEPLOYMENT_TARGET = 26.0;
			};
			name = Release;
		};
/* End XCBuildConfiguration section */

/* Begin XCConfigurationList section */
		A163CD1D2EA669E500E399E0 /* Build configuration list for PBXProject "HYKA" */ = {
			isa = XCConfigurationList;
			buildConfigurations = (
				A163CD2B2EA669E600E399E0 /* Debug */,
				A163CD2C2EA669E600E399E0 /* Release */,
			);
			defaultConfigurationIsVisible = 0;
			defaultConfigurationName = Release;
		};
		A163CD2D2EA669E600E399E0 /* Build configuration list for PBXNativeTarget "HYKA" */ = {
			isa = XCConfigurationList;
			buildConfigurations = (
				A163CD2E2EA669E600E399E0 /* Debug */,
				A163CD2F2EA669E600E399E0 /* Release */,
			);
			defaultConfigurationIsVisible = 0;
			defaultConfigurationName = Release;
		};
/* End XCConfigurationList section */

/* Begin XCRemoteSwiftPackageReference section */
		A163CD522EA66CAD00E399E0 /* XCRemoteSwiftPackageReference "supabase-swift" */ = {
			isa = XCRemoteSwiftPackageReference;
			repositoryURL = "https://github.com/supabase-community/supabase-swift";
			requirement = {
				kind = upToNextMajorVersion;
				minimumVersion = 2.5.1;
			};
		};
		A163CD5D2EA66CC200E399E0 /* XCRemoteSwiftPackageReference "AppAuth-iOS" */ = {
			isa = XCRemoteSwiftPackageReference;
			repositoryURL = "https://github.com/openid/AppAuth-iOS";
			requirement = {
				kind = upToNextMajorVersion;
				minimumVersion = 2.0.0;
			};
		};
/* End XCRemoteSwiftPackageReference section */

/* Begin XCSwiftPackageProductDependency section */
		A163CD532EA66CAD00E399E0 /* Auth */ = {
			isa = XCSwiftPackageProductDependency;
			package = A163CD522EA66CAD00E399E0 /* XCRemoteSwiftPackageReference "supabase-swift" */;
			productName = Auth;
		};
		A163CD552EA66CAD00E399E0 /* Functions */ = {
			isa = XCSwiftPackageProductDependency;
			package = A163CD522EA66CAD00E399E0 /* XCRemoteSwiftPackageReference "supabase-swift" */;
			productName = Functions;
		};
		A163CD572EA66CAD00E399E0 /* PostgREST */ = {
			isa = XCSwiftPackageProductDependency;
			package = A163CD522EA66CAD00E399E0 /* XCRemoteSwiftPackageReference "supabase-swift" */;
			productName = PostgREST;
		};
		A163CD592EA66CAD00E399E0 /* Realtime */ = {
			isa = XCSwiftPackageProductDependency;
			package = A163CD522EA66CAD00E399E0 /* XCRemoteSwiftPackageReference "supabase-swift" */;
			productName = Realtime;
		};
		A163CD5B2EA66CAD00E399E0 /* Storage */ = {
			isa = XCSwiftPackageProductDependency;
			package = A163CD522EA66CAD00E399E0 /* XCRemoteSwiftPackageReference "supabase-swift" */;
			productName = Storage;
		};
		A163CD5E2EA66CC200E399E0 /* AppAuth */ = {
			isa = XCSwiftPackageProductDependency;
			package = A163CD5D2EA66CC200E399E0 /* XCRemoteSwiftPackageReference "AppAuth-iOS" */;
			productName = AppAuth;
		};
		A163CD602EA66CC200E399E0 /* AppAuthCore */ = {
			isa = XCSwiftPackageProductDependency;
			package = A163CD5D2EA66CC200E399E0 /* XCRemoteSwiftPackageReference "AppAuth-iOS" */;
			productName = AppAuthCore;
		};
		A163CD622EA66CC200E399E0 /* AppAuthTV */ = {
			isa = XCSwiftPackageProductDependency;
			package = A163CD5D2EA66CC200E399E0 /* XCRemoteSwiftPackageReference "AppAuth-iOS" */;
			productName = AppAuthTV;
		};
		A163CD652EA6729E00E399E0 /* Supabase */ = {
			isa = XCSwiftPackageProductDependency;
			package = A163CD522EA66CAD00E399E0 /* XCRemoteSwiftPackageReference "supabase-swift" */;
			productName = Supabase;
		};
/* End XCSwiftPackageProductDependency section */
	};
	rootObject = A163CD1A2EA669E500E399E0 /* Project object */;
}
